{
  "requires": true,
  "lockfileVersion": 1,
  "dependencies": {
    "aframe-stl-model": {
      "version": "0.1.2",
      "resolved": "https://registry.npmjs.org/aframe-stl-model/-/aframe-stl-model-0.1.2.tgz",
      "integrity": "sha512-/Hdq9YbdoMOKo21hgfcMJ17Yo62VrdUap9UsOZHUQ2MnUtX7rA2B27HZxbCRCFyJD3O2aOuOMxYRp7WBqDvF/Q=="
    }
  }
}
